Microsoft Visual Studio Solution File, Format Version 12.00
# Visual Studio Version 17
VisualStudioVersion = 17.5.2.0
MinimumVisualStudioVersion = 10.0.40219.1
Project("{FAE04EC0-301F-11D3-BF4B-00C04F79EFBC}") = "Proyecto.Modelos", "Proyecto.Modelos\Proyecto.Modelos.csproj", "{04F0D42E-4EC1-4547-B26D-640CE14F2921}"
EndProject
Global
	GlobalSection(SolutionConfigurationPlatforms) = preSolution
		Debug|Any CPU = Debug|Any CPU
		Release|Any CPU = Release|Any CPU
	EndGlobalSection
	GlobalSection(ProjectConfigurationPlatforms) = postSolution
		{57CF43C2-626F-CF70-39D2-4582EC64AD7C}.Debug|Any CPU.ActiveCfg = Debug|Any CPU
		{57CF43C2-626F-CF70-39D2-4582EC64AD7C}.Debug|Any CPU.Build.0 = Debug|Any CPU
		{57CF43C2-626F-CF70-39D2-4582EC64AD7C}.Release|Any CPU.ActiveCfg = Release|Any CPU
		{57CF43C2-626F-CF70-39D2-4582EC64AD7C}.Release|Any CPU.Build.0 = Release|Any CPU
		{04F0D42E-4EC1-4547-B26D-640CE14F2921}.Debug|Any CPU.ActiveCfg = Debug|Any CPU
		{04F0D42E-4EC1-4547-B26D-640CE14F2921}.Debug|Any CPU.Build.0 = Debug|Any CPU
		{04F0D42E-4EC1-4547-B26D-640CE14F2921}.Release|Any CPU.ActiveCfg = Release|Any CPU
		{04F0D42E-4EC1-4547-B26D-640CE14F2921}.Release|Any CPU.Build.0 = Release|Any CPU
	EndGlobalSection
	GlobalSection(SolutionProperties) = preSolution
		HideSolutionNode = FALSE
	EndGlobalSection
	GlobalSection(ExtensibilityGlobals) = postSolution
		SolutionGuid = {5D1B8CEE-15DD-4765-8D06-5174D6507ABB}
	EndGlobalSection
EndGlobal
